{
  "version": 4,
  "terraform_version": "1.11.2",
  "serial": 99,
  "lineage": "998e6dd2-1a93-adfd-53ce-23e34d39a8b5",
  "outputs": {
    "operations_team_contact_group_id": {
      "value": "334743",
      "type": "string"
    }
  },
  "resources": [
    {
      "mode": "managed",
      "type": "statuscake_contact_group",
      "name": "operations_team",
      "provider": "provider[\"registry.terraform.io/statuscakedev/statuscake\"]",
      "instances": [
        {
          "schema_version": 0,
          "attributes": {
            "email_addresses": [
              "famini4973@bitflirt.com",
              "janesmith@example.com",
              "johnsmith@example.com"
            ],
            "id": "334743",
            "integrations": null,
            "mobile_numbers": null,
            "name": "Ops101",
            "ping_url": ""
          },
          "sensitive_attributes": [],
          "private": "bnVsbA=="
        }
      ]
    },
    {
      "module": "module.statuscake_uptime_check_vg",
      "mode": "managed",
      "type": "statuscake_uptime_check",
      "name": "this",
      "provider": "provider[\"registry.terraform.io/statuscakedev/statuscake\"]",
      "instances": [
        {
          "schema_version": 0,
          "attributes": {
            "check_interval": 300,
            "confirmation": 3,
            "contact_groups": [
              "334743"
            ],
            "dns_check": [],
            "http_check": [
              {
                "basic_authentication": [],
                "content_matchers": [
                  {
                    "content": "Tips oss på",
                    "include_headers": true,
                    "matcher": "CONTAINS_STRING"
                  }
                ],
                "enable_cookies": false,
                "final_endpoint": "",
                "follow_redirects": false,
                "request_headers": null,
                "request_method": "HTTP",
                "request_payload": null,
                "request_payload_raw": "",
                "status_codes": [
                  "200",
                  "301",
                  "302"
                ],
                "timeout": 30,
                "user_agent": "",
                "validate_ssl": true
              }
            ],
            "icmp_check": [],
            "id": "7556267",
            "locations": [],
            "monitored_resource": [
              {
                "address": "https://www.vg.no",
                "host": ""
              }
            ],
            "name": "VG uptime check",
            "paused": false,
            "regions": null,
            "tags": [
              "production"
            ],
            "tcp_check": [],
            "trigger_rate": 10
          },
          "sensitive_attributes": [],
          "private": "bnVsbA==",
          "dependencies": [
            "statuscake_contact_group.operations_team"
          ]
        }
      ]
    },
    {
      "module": "module.statuscake_uptime_check_xkcd",
      "mode": "managed",
      "type": "statuscake_uptime_check",
      "name": "this",
      "provider": "provider[\"registry.terraform.io/statuscakedev/statuscake\"]",
      "instances": [
        {
          "schema_version": 0,
          "attributes": {
            "check_interval": 300,
            "confirmation": 3,
            "contact_groups": [
              "334743"
            ],
            "dns_check": [],
            "http_check": [
              {
                "basic_authentication": [],
                "content_matchers": [
                  {
                    "content": "A webcomic of romance,",
                    "include_headers": true,
                    "matcher": "CONTAINS_STRING"
                  }
                ],
                "enable_cookies": false,
                "final_endpoint": "",
                "follow_redirects": false,
                "request_headers": null,
                "request_method": "HTTP",
                "request_payload": null,
                "request_payload_raw": "",
                "status_codes": [
                  "200",
                  "301",
                  "302"
                ],
                "timeout": 30,
                "user_agent": "",
                "validate_ssl": true
              }
            ],
            "icmp_check": [],
            "id": "7556268",
            "locations": [],
            "monitored_resource": [
              {
                "address": "https://xkcd.com/",
                "host": ""
              }
            ],
            "name": "XKCD uptime check",
            "paused": false,
            "regions": null,
            "tags": [
              "production"
            ],
            "tcp_check": [],
            "trigger_rate": 10
          },
          "sensitive_attributes": [],
          "private": "bnVsbA==",
          "dependencies": [
            "statuscake_contact_group.operations_team"
          ]
        }
      ]
    }
  ],
  "check_results": null
}
